
Microsoft Visual Studio Solution File, Format Version 12.00
# Visual Studio Version 17
VisualStudioVersion = 17.4.33213.308
MinimumVisualStudioVersion = 10.0.40219.1
Project("{FAE04EC0-301F-11D3-BF4B-00C04F79EFBC}") = "Spents.Domain", "Spents.Domain.csproj", "{082238F7-CCE6-41BE-B709-42E2360843BD}"
EndProject
Global
	GlobalSection(SolutionConfigurationPlatforms) = preSolution
		Debug|Any CPU = Debug|Any CPU
		Release|Any CPU = Release|Any CPU
	EndGlobalSection
	GlobalSection(ProjectConfigurationPlatforms) = postSolution
		{082238F7-CCE6-41BE-B709-42E2360843BD}.Debug|Any CPU.ActiveCfg = Debug|Any CPU
		{082238F7-CCE6-41BE-B709-42E2360843BD}.Debug|Any CPU.Build.0 = Debug|Any CPU
		{082238F7-CCE6-41BE-B709-42E2360843BD}.Release|Any CPU.ActiveCfg = Release|Any CPU
		{082238F7-CCE6-41BE-B709-42E2360843BD}.Release|Any CPU.Build.0 = Release|Any CPU
	EndGlobalSection
	GlobalSection(SolutionProperties) = preSolution
		HideSolutionNode = FALSE
	EndGlobalSection
	GlobalSection(ExtensibilityGlobals) = postSolution
		SolutionGuid = {CBFAE5E7-2175-4C73-ADA6-601E0D7EE92F}
	EndGlobalSection
EndGlobal
